
Microsoft Visual Studio Solution File, Format Version 12.00
# Visual Studio Version 16
VisualStudioVersion = 16.0.31105.61
MinimumVisualStudioVersion = 10.0.40219.1
Project("{9A19103F-16F7-4668-BE54-9A1E7A4F7556}") = "Startup.Web", "Startup.Web\Startup.Web.csproj", "{FCF721B9-D50A-4B9C-86D8-64038E3A4753}"
EndProject
Project("{E53339B2-1760-4266-BCC7-CA923CBCF16C}") = "docker-compose", "docker-compose.dcproj", "{6733F730-A15B-4D0C-957D-762BD1B95EEF}"
EndProject
Project("{9A19103F-16F7-4668-BE54-9A1E7A4F7556}") = "Startup.Web.UnitTestes", "Startup.UnitTestes\Startup.Web.UnitTestes.csproj", "{4F156A00-80FE-461D-B526-A5540A12C5CF}"
EndProject
Project("{2150E333-8FDC-42A3-9474-1A3956D46DE8}") = "tests", "tests", "{D0B98858-C699-4543-B723-DCB3269CB6CD}"
EndProject
Global
	GlobalSection(SolutionConfigurationPlatforms) = preSolution
		Debug|Any CPU = Debug|Any CPU
		Release|Any CPU = Release|Any CPU
	EndGlobalSection
	GlobalSection(ProjectConfigurationPlatforms) = postSolution
		{FCF721B9-D50A-4B9C-86D8-64038E3A4753}.Debug|Any CPU.ActiveCfg = Debug|Any CPU
		{FCF721B9-D50A-4B9C-86D8-64038E3A4753}.Debug|Any CPU.Build.0 = Debug|Any CPU
		{FCF721B9-D50A-4B9C-86D8-64038E3A4753}.Release|Any CPU.ActiveCfg = Release|Any CPU
		{FCF721B9-D50A-4B9C-86D8-64038E3A4753}.Release|Any CPU.Build.0 = Release|Any CPU
		{6733F730-A15B-4D0C-957D-762BD1B95EEF}.Debug|Any CPU.ActiveCfg = Debug|Any CPU
		{6733F730-A15B-4D0C-957D-762BD1B95EEF}.Debug|Any CPU.Build.0 = Debug|Any CPU
		{6733F730-A15B-4D0C-957D-762BD1B95EEF}.Release|Any CPU.ActiveCfg = Release|Any CPU
		{6733F730-A15B-4D0C-957D-762BD1B95EEF}.Release|Any CPU.Build.0 = Release|Any CPU
		{4F156A00-80FE-461D-B526-A5540A12C5CF}.Debug|Any CPU.ActiveCfg = Debug|Any CPU
		{4F156A00-80FE-461D-B526-A5540A12C5CF}.Debug|Any CPU.Build.0 = Debug|Any CPU
		{4F156A00-80FE-461D-B526-A5540A12C5CF}.Release|Any CPU.ActiveCfg = Release|Any CPU
		{4F156A00-80FE-461D-B526-A5540A12C5CF}.Release|Any CPU.Build.0 = Release|Any CPU
	EndGlobalSection
	GlobalSection(SolutionProperties) = preSolution
		HideSolutionNode = FALSE
	EndGlobalSection
	GlobalSection(NestedProjects) = preSolution
		{4F156A00-80FE-461D-B526-A5540A12C5CF} = {D0B98858-C699-4543-B723-DCB3269CB6CD}
	EndGlobalSection
	GlobalSection(ExtensibilityGlobals) = postSolution
		SolutionGuid = {AEB72DC1-CFCE-4BE5-BB2E-13C6DCC99889}
	EndGlobalSection
EndGlobal
